// !$*UTF8*$!
{
	archiveVersion = 1;
	classes = {
	};
	objectVersion = 56;
	objects = {

/* Begin PBXBuildFile section */
		166C96312A473AEB008C41BE /* QApp.swift in Sources */ = {isa = PBXBuildFile; fileRef = 166C96302A473AEB008C41BE /* QApp.swift */; };
		166C96332A473AEB008C41BE /* ContentView.swift in Sources */ = {isa = PBXBuildFile; fileRef = 166C96322A473AEB008C41BE /* ContentView.swift */; };
		166C96352A473AEE008C41BE /* Assets.xcassets in Resources */ = {isa = PBXBuildFile; fileRef = 166C96342A473AEE008C41BE /* Assets.xcassets */; };
		166C96382A473AEE008C41BE /* Preview Assets.xcassets in Resources */ = {isa = PBXBuildFile; fileRef = 166C96372A473AEE008C41BE /* Preview Assets.xcassets */; };
		166C96422A473AEE008C41BE /* QTests.swift in Sources */ = {isa = PBXBuildFile; fileRef = 166C96412A473AEE008C41BE /* QTests.swift */; };
		166C964C2A473AEE008C41BE /* QUITests.swift in Sources */ = {isa = PBXBuildFile; fileRef = 166C964B2A473AEE008C41BE /* QUITests.swift */; };
		166C964E2A473AEE008C41BE /* QUITestsLaunchTests.swift in Sources */ = {isa = PBXBuildFile; fileRef = 166C964D2A473AEE008C41BE /* QUITestsLaunchTests.swift */; };
		166C965B2A473B5A008C41BE /* Login.swift in Sources */ = {isa = PBXBuildFile; fileRef = 166C965A2A473B5A008C41BE /* Login.swift */; };
		166C965D2A473B97008C41BE /* CreateAccount.swift in Sources */ = {isa = PBXBuildFile; fileRef = 166C965C2A473B97008C41BE /* CreateAccount.swift */; };
		166C96642A476DDE008C41BE /* LandingPage.swift in Sources */ = {isa = PBXBuildFile; fileRef = 166C96632A476DDE008C41BE /* LandingPage.swift */; };
		166C96662A47876D008C41BE /* Create.swift in Sources */ = {isa = PBXBuildFile; fileRef = 166C96652A47876D008C41BE /* Create.swift */; };
		166C96682A478846008C41BE /* Notifications.swift in Sources */ = {isa = PBXBuildFile; fileRef = 166C96672A478846008C41BE /* Notifications.swift */; };
		166C966A2A4788B1008C41BE /* MyProfile.swift in Sources */ = {isa = PBXBuildFile; fileRef = 166C96692A4788B1008C41BE /* MyProfile.swift */; };
		166C966C2A4790AC008C41BE /* Buisness.swift in Sources */ = {isa = PBXBuildFile; fileRef = 166C966B2A4790AC008C41BE /* Buisness.swift */; };
		166C966E2A479221008C41BE /* Event.swift in Sources */ = {isa = PBXBuildFile; fileRef = 166C966D2A479221008C41BE /* Event.swift */; };
/* End PBXBuildFile section */

/* Begin PBXContainerItemProxy section */
		166C963E2A473AEE008C41BE /* PBXContainerItemProxy */ = {
			isa = PBXContainerItemProxy;
			containerPortal = 166C96252A473AEB008C41BE /* Project object */;
			proxyType = 1;
			remoteGlobalIDString = 166C962C2A473AEB008C41BE;
			remoteInfo = Q;
		};
		166C96482A473AEE008C41BE /* PBXContainerItemProxy */ = {
			isa = PBXContainerItemProxy;
			containerPortal = 166C96252A473AEB008C41BE /* Project object */;
			proxyType = 1;
			remoteGlobalIDString = 166C962C2A473AEB008C41BE;
			remoteInfo = Q;
		};
/* End PBXContainerItemProxy section */

/* Begin PBXFileReference section */
		166C962D2A473AEB008C41BE /* Q.app */ = {isa = PBXFileReference; explicitFileType = wrapper.application; includeInIndex = 0; path = Q.app; sourceTree = BUILT_PRODUCTS_DIR; };
		166C96302A473AEB008C41BE /* QApp.swift */ = {isa = PBXFileReference; lastKnownFileType = sourcecode.swift; path = QApp.swift; sourceTree = "<group>"; };
		166C96322A473AEB008C41BE /* ContentView.swift */ = {isa = PBXFileReference; lastKnownFileType = sourcecode.swift; path = ContentView.swift; sourceTree = "<group>"; };
		166C96342A473AEE008C41BE /* Assets.xcassets */ = {isa = PBXFileReference; lastKnownFileType = folder.assetcatalog; path = Assets.xcassets; sourceTree = "<group>"; };
		166C96372A473AEE008C41BE /* Preview Assets.xcassets */ = {isa = PBXFileReference; lastKnownFileType = folder.assetcatalog; path = "Preview Assets.xcassets"; sourceTree = "<group>"; };
		166C963D2A473AEE008C41BE /* QTests.xctest */ = {isa = PBXFileReference; explicitFileType = wrapper.cfbundle; includeInIndex = 0; path = QTests.xctest; sourceTree = BUILT_PRODUCTS_DIR; };
		166C96412A473AEE008C41BE /* QTests.swift */ = {isa = PBXFileReference; lastKnownFileType = sourcecode.swift; path = QTests.swift; sourceTree = "<group>"; };
		166C96472A473AEE008C41BE /* QUITests.xctest */ = {isa = PBXFileReference; explicitFileType = wrapper.cfbundle; includeInIndex = 0; path = QUITests.xctest; sourceTree = BUILT_PRODUCTS_DIR; };
		166C964B2A473AEE008C41BE /* QUITests.swift */ = {isa = PBXFileReference; lastKnownFileType = sourcecode.swift; path = QUITests.swift; sourceTree = "<group>"; };
		166C964D2A473AEE008C41BE /* QUITestsLaunchTests.swift */ = {isa = PBXFileReference; lastKnownFileType = sourcecode.swift; path = QUITestsLaunchTests.swift; sourceTree = "<group>"; };
		166C965A2A473B5A008C41BE /* Login.swift */ = {isa = PBXFileReference; lastKnownFileType = sourcecode.swift; path = Login.swift; sourceTree = "<group>"; };
		166C965C2A473B97008C41BE /* CreateAccount.swift */ = {isa = PBXFileReference; lastKnownFileType = sourcecode.swift; path = CreateAccount.swift; sourceTree = "<group>"; };
		166C96602A473F36008C41BE /* Info.plist */ = {isa = PBXFileReference; lastKnownFileType = text.plist; path = Info.plist; sourceTree = "<group>"; };
		166C96632A476DDE008C41BE /* LandingPage.swift */ = {isa = PBXFileReference; fileEncoding = 4; lastKnownFileType = sourcecode.swift; path = LandingPage.swift; sourceTree = "<group>"; };
		166C96652A47876D008C41BE /* Create.swift */ = {isa = PBXFileReference; lastKnownFileType = sourcecode.swift; path = Create.swift; sourceTree = "<group>"; };
		166C96672A478846008C41BE /* Notifications.swift */ = {isa = PBXFileReference; lastKnownFileType = sourcecode.swift; path = Notifications.swift; sourceTree = "<group>"; };
		166C96692A4788B1008C41BE /* MyProfile.swift */ = {isa = PBXFileReference; lastKnownFileType = sourcecode.swift; path = MyProfile.swift; sourceTree = "<group>"; };
		166C966B2A4790AC008C41BE /* Buisness.swift */ = {isa = PBXFileReference; lastKnownFileType = sourcecode.swift; path = Buisness.swift; sourceTree = "<group>"; };
		166C966D2A479221008C41BE /* Event.swift */ = {isa = PBXFileReference; lastKnownFileType = sourcecode.swift; path = Event.swift; sourceTree = "<group>"; };
/* End PBXFileReference section */

/* Begin PBXFrameworksBuildPhase section */
		166C962A2A473AEB008C41BE /* Frameworks */ = {
			isa = PBXFrameworksBuildPhase;
			buildActionMask = 2147483647;
			files = (
			);
			runOnlyForDeploymentPostprocessing = 0;
		};
		166C963A2A473AEE008C41BE /* Frameworks */ = {
			isa = PBXFrameworksBuildPhase;
			buildActionMask = 2147483647;
			files = (
			);
			runOnlyForDeploymentPostprocessing = 0;
		};
		166C96442A473AEE008C41BE /* Frameworks */ = {
			isa = PBXFrameworksBuildPhase;
			buildActionMask = 2147483647;
			files = (
			);
			runOnlyForDeploymentPostprocessing = 0;
		};
/* End PBXFrameworksBuildPhase section */

/* Begin PBXGroup section */
		166C96242A473AEB008C41BE = {
			isa = PBXGroup;
			children = (
				166C962F2A473AEB008C41BE /* Q */,
				166C96402A473AEE008C41BE /* QTests */,
				166C964A2A473AEE008C41BE /* QUITests */,
				166C962E2A473AEB008C41BE /* Products */,
			);
			sourceTree = "<group>";
		};
		166C962E2A473AEB008C41BE /* Products */ = {
			isa = PBXGroup;
			children = (
				166C962D2A473AEB008C41BE /* Q.app */,
				166C963D2A473AEE008C41BE /* QTests.xctest */,
				166C96472A473AEE008C41BE /* QUITests.xctest */,
			);
			name = Products;
			sourceTree = "<group>";
		};
		166C962F2A473AEB008C41BE /* Q */ = {
			isa = PBXGroup;
			children = (
				166C96602A473F36008C41BE /* Info.plist */,
				166C96302A473AEB008C41BE /* QApp.swift */,
				166C96322A473AEB008C41BE /* ContentView.swift */,
				166C965A2A473B5A008C41BE /* Login.swift */,
				166C965C2A473B97008C41BE /* CreateAccount.swift */,
				166C96632A476DDE008C41BE /* LandingPage.swift */,
				166C96652A47876D008C41BE /* Create.swift */,
				166C966D2A479221008C41BE /* Event.swift */,
				166C966B2A4790AC008C41BE /* Buisness.swift */,
				166C96672A478846008C41BE /* Notifications.swift */,
				166C96342A473AEE008C41BE /* Assets.xcassets */,
				166C96362A473AEE008C41BE /* Preview Content */,
				166C96692A4788B1008C41BE /* MyProfile.swift */,
			);
			path = Q;
			sourceTree = "<group>";
		};
		166C96362A473AEE008C41BE /* Preview Content */ = {
			isa = PBXGroup;
			children = (
				166C96372A473AEE008C41BE /* Preview Assets.xcassets */,
			);
			path = "Preview Content";
			sourceTree = "<group>";
		};
		166C96402A473AEE008C41BE /* QTests */ = {
			isa = PBXGroup;
			children = (
				166C96412A473AEE008C41BE /* QTests.swift */,
			);
			path = QTests;
			sourceTree = "<group>";
		};
		166C964A2A473AEE008C41BE /* QUITests */ = {
			isa = PBXGroup;
			children = (
				166C964B2A473AEE008C41BE /* QUITests.swift */,
				166C964D2A473AEE008C41BE /* QUITestsLaunchTests.swift */,
			);
			path = QUITests;
			sourceTree = "<group>";
		};
/* End PBXGroup section */

/* Begin PBXNativeTarget section */
		166C962C2A473AEB008C41BE /* Q */ = {
			isa = PBXNativeTarget;
			buildConfigurationList = 166C96512A473AEE008C41BE /* Build configuration list for PBXNativeTarget "Q" */;
			buildPhases = (
				166C96292A473AEB008C41BE /* Sources */,
				166C962A2A473AEB008C41BE /* Frameworks */,
				166C962B2A473AEB008C41BE /* Resources */,
			);
			buildRules = (
			);
			dependencies = (
			);
			name = Q;
			productName = Q;
			productReference = 166C962D2A473AEB008C41BE /* Q.app */;
			productType = "com.apple.product-type.application";
		};
		166C963C2A473AEE008C41BE /* QTests */ = {
			isa = PBXNativeTarget;
			buildConfigurationList = 166C96542A473AEE008C41BE /* Build configuration list for PBXNativeTarget "QTests" */;
			buildPhases = (
				166C96392A473AEE008C41BE /* Sources */,
				166C963A2A473AEE008C41BE /* Frameworks */,
				166C963B2A473AEE008C41BE /* Resources */,
			);
			buildRules = (
			);
			dependencies = (
				166C963F2A473AEE008C41BE /* PBXTargetDependency */,
			);
			name = QTests;
			productName = QTests;
			productReference = 166C963D2A473AEE008C41BE /* QTests.xctest */;
			productType = "com.apple.product-type.bundle.unit-test";
		};
		166C96462A473AEE008C41BE /* QUITests */ = {
			isa = PBXNativeTarget;
			buildConfigurationList = 166C96572A473AEE008C41BE /* Build configuration list for PBXNativeTarget "QUITests" */;
			buildPhases = (
				166C96432A473AEE008C41BE /* Sources */,
				166C96442A473AEE008C41BE /* Frameworks */,
				166C96452A473AEE008C41BE /* Resources */,
			);
			buildRules = (
			);
			dependencies = (
				166C96492A473AEE008C41BE /* PBXTargetDependency */,
			);
			name = QUITests;
			productName = QUITests;
			productReference = 166C96472A473AEE008C41BE /* QUITests.xctest */;
			productType = "com.apple.product-type.bundle.ui-testing";
		};
/* End PBXNativeTarget section */

/* Begin PBXProject section */
		166C96252A473AEB008C41BE /* Project object */ = {
			isa = PBXProject;
			attributes = {
				BuildIndependentTargetsInParallel = 1;
				LastSwiftUpdateCheck = 1430;
				LastUpgradeCheck = 1430;
				TargetAttributes = {
					166C962C2A473AEB008C41BE = {
						CreatedOnToolsVersion = 14.3.1;
					};
					166C963C2A473AEE008C41BE = {
						CreatedOnToolsVersion = 14.3.1;
						TestTargetID = 166C962C2A473AEB008C41BE;
					};
					166C96462A473AEE008C41BE = {
						CreatedOnToolsVersion = 14.3.1;
						TestTargetID = 166C962C2A473AEB008C41BE;
					};
				};
			};
			buildConfigurationList = 166C96282A473AEB008C41BE /* Build configuration list for PBXProject "Q" */;
			compatibilityVersion = "Xcode 14.0";
			developmentRegion = en;
			hasScannedForEncodings = 0;
			knownRegions = (
				en,
				Base,
			);
			mainGroup = 166C96242A473AEB008C41BE;
			productRefGroup = 166C962E2A473AEB008C41BE /* Products */;
			projectDirPath = "";
			projectRoot = "";
			targets = (
				166C962C2A473AEB008C41BE /* Q */,
				166C963C2A473AEE008C41BE /* QTests */,
				166C96462A473AEE008C41BE /* QUITests */,
			);
		};
/* End PBXProject section */

/* Begin PBXResourcesBuildPhase section */
		166C962B2A473AEB008C41BE /* Resources */ = {
			isa = PBXResourcesBuildPhase;
			buildActionMask = 2147483647;
			files = (
				166C96382A473AEE008C41BE /* Preview Assets.xcassets in Resources */,
				166C96352A473AEE008C41BE /* Assets.xcassets in Resources */,
			);
			runOnlyForDeploymentPostprocessing = 0;
		};
		166C963B2A473AEE008C41BE /* Resources */ = {
			isa = PBXResourcesBuildPhase;
			buildActionMask = 2147483647;
			files = (
			);
			runOnlyForDeploymentPostprocessing = 0;
		};
		166C96452A473AEE008C41BE /* Resources */ = {
			isa = PBXResourcesBuildPhase;
			buildActionMask = 2147483647;
			files = (
			);
			runOnlyForDeploymentPostprocessing = 0;
		};
/* End PBXResourcesBuildPhase section */

/* Begin PBXSourcesBuildPhase section */
		166C96292A473AEB008C41BE /* Sources */ = {
			isa = PBXSourcesBuildPhase;
			buildActionMask = 2147483647;
			files = (
				166C965B2A473B5A008C41BE /* Login.swift in Sources */,
				166C966A2A4788B1008C41BE /* MyProfile.swift in Sources */,
				166C96682A478846008C41BE /* Notifications.swift in Sources */,
				166C966C2A4790AC008C41BE /* Buisness.swift in Sources */,
				166C966E2A479221008C41BE /* Event.swift in Sources */,
				166C96642A476DDE008C41BE /* LandingPage.swift in Sources */,
				166C96332A473AEB008C41BE /* ContentView.swift in Sources */,
				166C96662A47876D008C41BE /* Create.swift in Sources */,
				166C96312A473AEB008C41BE /* QApp.swift in Sources */,
				166C965D2A473B97008C41BE /* CreateAccount.swift in Sources */,
			);
			runOnlyForDeploymentPostprocessing = 0;
		};
		166C96392A473AEE008C41BE /* Sources */ = {
			isa = PBXSourcesBuildPhase;
			buildActionMask = 2147483647;
			files = (
				166C96422A473AEE008C41BE /* QTests.swift in Sources */,
			);
			runOnlyForDeploymentPostprocessing = 0;
		};
		166C96432A473AEE008C41BE /* Sources */ = {
			isa = PBXSourcesBuildPhase;
			buildActionMask = 2147483647;
			files = (
				166C964E2A473AEE008C41BE /* QUITestsLaunchTests.swift in Sources */,
				166C964C2A473AEE008C41BE /* QUITests.swift in Sources */,
			);
			runOnlyForDeploymentPostprocessing = 0;
		};
/* End PBXSourcesBuildPhase section */

/* Begin PBXTargetDependency section */
		166C963F2A473AEE008C41BE /* PBXTargetDependency */ = {
			isa = PBXTargetDependency;
			target = 166C962C2A473AEB008C41BE /* Q */;
			targetProxy = 166C963E2A473AEE008C41BE /* PBXContainerItemProxy */;
		};
		166C96492A473AEE008C41BE /* PBXTargetDependency */ = {
			isa = PBXTargetDependency;
			target = 166C962C2A473AEB008C41BE /* Q */;
			targetProxy = 166C96482A473AEE008C41BE /* PBXContainerItemProxy */;
		};
/* End PBXTargetDependency section */

/* Begin XCBuildConfiguration section */
		166C964F2A473AEE008C41BE /* Debug */ = {
			isa = XCBuildConfiguration;
			buildSettings = {
				ALWAYS_SEARCH_USER_PATHS = NO;
				CLANG_ANALYZER_NONNULL = YES;
				CLANG_ANALYZER_NUMBER_OBJECT_CONVERSION = YES_AGGRESSIVE;
				CLANG_CXX_LANGUAGE_STANDARD = "gnu++20";
				CLANG_ENABLE_MODULES = YES;
				CLANG_ENABLE_OBJC_ARC = YES;
				CLANG_ENABLE_OBJC_WEAK = YES;
				CLANG_WARN_BLOCK_CAPTURE_AUTORELEASING = YES;
				CLANG_WARN_BOOL_CONVERSION = YES;
				CLANG_WARN_COMMA = YES;
				CLANG_WARN_CONSTANT_CONVERSION = YES;
				CLANG_WARN_DEPRECATED_OBJC_IMPLEMENTATIONS = YES;
				CLANG_WARN_DIRECT_OBJC_ISA_USAGE = YES_ERROR;
				CLANG_WARN_DOCUMENTATION_COMMENTS = YES;
				CLANG_WARN_EMPTY_BODY = YES;
				CLANG_WARN_ENUM_CONVERSION = YES;
				CLANG_WARN_INFINITE_RECURSION = YES;
				CLANG_WARN_INT_CONVERSION = YES;
				CLANG_WARN_NON_LITERAL_NULL_CONVERSION = YES;
				CLANG_WARN_OBJC_IMPLICIT_RETAIN_SELF = YES;
				CLANG_WARN_OBJC_LITERAL_CONVERSION = YES;
				CLANG_WARN_OBJC_ROOT_CLASS = YES_ERROR;
				CLANG_WARN_QUOTED_INCLUDE_IN_FRAMEWORK_HEADER = YES;
				CLANG_WARN_RANGE_LOOP_ANALYSIS = YES;
				CLANG_WARN_STRICT_PROTOTYPES = YES;
				CLANG_WARN_SUSPICIOUS_MOVE = YES;
				CLANG_WARN_UNGUARDED_AVAILABILITY = YES_AGGRESSIVE;
				CLANG_WARN_UNREACHABLE_CODE = YES;
				CLANG_WARN__DUPLICATE_METHOD_MATCH = YES;
				COPY_PHASE_STRIP = NO;
				DEBUG_INFORMATION_FORMAT = dwarf;
				ENABLE_STRICT_OBJC_MSGSEND = YES;
				ENABLE_TESTABILITY = YES;
				GCC_C_LANGUAGE_STANDARD = gnu11;
				GCC_DYNAMIC_NO_PIC = NO;
				GCC_NO_COMMON_BLOCKS = YES;
				GCC_OPTIMIZATION_LEVEL = 0;
				GCC_PREPROCESSOR_DEFINITIONS = (
					"DEBUG=1",
					"$(inherited)",
				);
				GCC_WARN_64_TO_32_BIT_CONVERSION = YES;
				GCC_WARN_ABOUT_RETURN_TYPE = YES_ERROR;
				GCC_WARN_UNDECLARED_SELECTOR = YES;
				GCC_WARN_UNINITIALIZED_AUTOS = YES_AGGRESSIVE;
				GCC_WARN_UNUSED_FUNCTION = YES;
				GCC_WARN_UNUSED_VARIABLE = YES;
				IPHONEOS_DEPLOYMENT_TARGET = 16.4;
				MTL_ENABLE_DEBUG_INFO = INCLUDE_SOURCE;
				MTL_FAST_MATH = YES;
				ONLY_ACTIVE_ARCH = YES;
				SDKROOT = iphoneos;
				SWIFT_ACTIVE_COMPILATION_CONDITIONS = DEBUG;
				SWIFT_OPTIMIZATION_LEVEL = "-Onone";
			};
			name = Debug;
		};
		166C96502A473AEE008C41BE /* Release */ = {
			isa = XCBuildConfiguration;
			buildSettings = {
				ALWAYS_SEARCH_USER_PATHS = NO;
				CLANG_ANALYZER_NONNULL = YES;
				CLANG_ANALYZER_NUMBER_OBJECT_CONVERSION = YES_AGGRESSIVE;
				CLANG_CXX_LANGUAGE_STANDARD = "gnu++20";
				CLANG_ENABLE_MODULES = YES;
				CLANG_ENABLE_OBJC_ARC = YES;
				CLANG_ENABLE_OBJC_WEAK = YES;
				CLANG_WARN_BLOCK_CAPTURE_AUTORELEASING = YES;
				CLANG_WARN_BOOL_CONVERSION = YES;
				CLANG_WARN_COMMA = YES;
				CLANG_WARN_CONSTANT_CONVERSION = YES;
				CLANG_WARN_DEPRECATED_OBJC_IMPLEMENTATIONS = YES;
				CLANG_WARN_DIRECT_OBJC_ISA_USAGE = YES_ERROR;
				CLANG_WARN_DOCUMENTATION_COMMENTS = YES;
				CLANG_WARN_EMPTY_BODY = YES;
				CLANG_WARN_ENUM_CONVERSION = YES;
				CLANG_WARN_INFINITE_RECURSION = YES;
				CLANG_WARN_INT_CONVERSION = YES;
				CLANG_WARN_NON_LITERAL_NULL_CONVERSION = YES;
				CLANG_WARN_OBJC_IMPLICIT_RETAIN_SELF = YES;
				CLANG_WARN_OBJC_LITERAL_CONVERSION = YES;
				CLANG_WARN_OBJC_ROOT_CLASS = YES_ERROR;
				CLANG_WARN_QUOTED_INCLUDE_IN_FRAMEWORK_HEADER = YES;
				CLANG_WARN_RANGE_LOOP_ANALYSIS = YES;
				CLANG_WARN_STRICT_PROTOTYPES = YES;
				CLANG_WARN_SUSPICIOUS_MOVE = YES;
				CLANG_WARN_UNGUARDED_AVAILABILITY = YES_AGGRESSIVE;
				CLANG_WARN_UNREACHABLE_CODE = YES;
				CLANG_WARN__DUPLICATE_METHOD_MATCH = YES;
				COPY_PHASE_STRIP = NO;
				DEBUG_INFORMATION_FORMAT = "dwarf-with-dsym";
				ENABLE_NS_ASSERTIONS = NO;
				ENABLE_STRICT_OBJC_MSGSEND = YES;
				GCC_C_LANGUAGE_STANDARD = gnu11;
				GCC_NO_COMMON_BLOCKS = YES;
				GCC_WARN_64_TO_32_BIT_CONVERSION = YES;
				GCC_WARN_ABOUT_RETURN_TYPE = YES_ERROR;
				GCC_WARN_UNDECLARED_SELECTOR = YES;
				GCC_WARN_UNINITIALIZED_AUTOS = YES_AGGRESSIVE;
				GCC_WARN_UNUSED_FUNCTION = YES;
				GCC_WARN_UNUSED_VARIABLE = YES;
				IPHONEOS_DEPLOYMENT_TARGET = 16.4;
				MTL_ENABLE_DEBUG_INFO = NO;
				MTL_FAST_MATH = YES;
				SDKROOT = iphoneos;
				SWIFT_COMPILATION_MODE = wholemodule;
				SWIFT_OPTIMIZATION_LEVEL = "-O";
				VALIDATE_PRODUCT = YES;
			};
			name = Release;
		};
		166C96522A473AEE008C41BE /* Debug */ = {
			isa = XCBuildConfiguration;
			buildSettings = {
				ASSETCATALOG_COMPILER_APPICON_NAME = AppIcon;
				ASSETCATALOG_COMPILER_GLOBAL_ACCENT_COLOR_NAME = AccentColor;
				CODE_SIGN_STYLE = Automatic;
				CURRENT_PROJECT_VERSION = 1;
				DEVELOPMENT_ASSET_PATHS = "\"Q/Preview Content\"";
				DEVELOPMENT_TEAM = DVT459D33S;
				ENABLE_PREVIEWS = YES;
				GENERATE_INFOPLIST_FILE = YES;
				INFOPLIST_FILE = Q/Info.plist;
				INFOPLIST_KEY_UIApplicationSceneManifest_Generation = YES;
				INFOPLIST_KEY_UIApplicationSupportsIndirectInputEvents = YES;
				INFOPLIST_KEY_UISupportedInterfaceOrientations_iPad = "UIInterfaceOrientationPortrait UIInterfaceOrientationPortraitUpsideDown UIInterfaceOrientationLandscapeLeft UIInterfaceOrientationLandscapeRight";
				INFOPLIST_KEY_UISupportedInterfaceOrientations_iPhone = "UIInterfaceOrientationPortrait UIInterfaceOrientationLandscapeLeft UIInterfaceOrientationLandscapeRight";
				LD_RUNPATH_SEARCH_PATHS = (
					"$(inherited)",
					"@executable_path/Frameworks",
				);
				MARKETING_VERSION = 1.0;
				PRODUCT_BUNDLE_IDENTIFIER = SageYuzuMumu.Q;
				PRODUCT_NAME = "$(TARGET_NAME)";
				SWIFT_EMIT_LOC_STRINGS = YES;
				SWIFT_VERSION = 5.0;
				TARGETED_DEVICE_FAMILY = "1,2";
			};
			name = Debug;
		};
		166C96532A473AEE008C41BE /* Release */ = {
			isa = XCBuildConfiguration;
			buildSettings = {
				ASSETCATALOG_COMPILER_APPICON_NAME = AppIcon;
				ASSETCATALOG_COMPILER_GLOBAL_ACCENT_COLOR_NAME = AccentColor;
				CODE_SIGN_STYLE = Automatic;
				CURRENT_PROJECT_VERSION = 1;
				DEVELOPMENT_ASSET_PATHS = "\"Q/Preview Content\"";
				DEVELOPMENT_TEAM = DVT459D33S;
				ENABLE_PREVIEWS = YES;
				GENERATE_INFOPLIST_FILE = YES;
				INFOPLIST_FILE = Q/Info.plist;
				INFOPLIST_KEY_UIApplicationSceneManifest_Generation = YES;
				INFOPLIST_KEY_UIApplicationSupportsIndirectInputEvents = YES;
				INFOPLIST_KEY_UISupportedInterfaceOrientations_iPad = "UIInterfaceOrientationPortrait UIInterfaceOrientationPortraitUpsideDown UIInterfaceOrientationLandscapeLeft UIInterfaceOrientationLandscapeRight";
				INFOPLIST_KEY_UISupportedInterfaceOrientations_iPhone = "UIInterfaceOrientationPortrait UIInterfaceOrientationLandscapeLeft UIInterfaceOrientationLandscapeRight";
				LD_RUNPATH_SEARCH_PATHS = (
					"$(inherited)",
					"@executable_path/Frameworks",
				);
				MARKETING_VERSION = 1.0;
				PRODUCT_BUNDLE_IDENTIFIER = SageYuzuMumu.Q;
				PRODUCT_NAME = "$(TARGET_NAME)";
				SWIFT_EMIT_LOC_STRINGS = YES;
				SWIFT_VERSION = 5.0;
				TARGETED_DEVICE_FAMILY = "1,2";
			};
			name = Release;
		};
		166C96552A473AEE008C41BE /* Debug */ = {
			isa = XCBuildConfiguration;
			buildSettings = {
				ALWAYS_EMBED_SWIFT_STANDARD_LIBRARIES = YES;
				BUNDLE_LOADER = "$(TEST_HOST)";
				CODE_SIGN_STYLE = Automatic;
				CURRENT_PROJECT_VERSION = 1;
				DEVELOPMENT_TEAM = DVT459D33S;
				GENERATE_INFOPLIST_FILE = YES;
				IPHONEOS_DEPLOYMENT_TARGET = 16.4;
				MARKETING_VERSION = 1.0;
				PRODUCT_BUNDLE_IDENTIFIER = SageYuzuMumu.QTests;
				PRODUCT_NAME = "$(TARGET_NAME)";
				SWIFT_EMIT_LOC_STRINGS = NO;
				SWIFT_VERSION = 5.0;
				TARGETED_DEVICE_FAMILY = "1,2";
				TEST_HOST = "$(BUILT_PRODUCTS_DIR)/Q.app/$(BUNDLE_EXECUTABLE_FOLDER_PATH)/Q";
			};
			name = Debug;
		};
		166C96562A473AEE008C41BE /* Release */ = {
			isa = XCBuildConfiguration;
			buildSettings = {
				ALWAYS_EMBED_SWIFT_STANDARD_LIBRARIES = YES;
				BUNDLE_LOADER = "$(TEST_HOST)";
				CODE_SIGN_STYLE = Automatic;
				CURRENT_PROJECT_VERSION = 1;
				DEVELOPMENT_TEAM = DVT459D33S;
				GENERATE_INFOPLIST_FILE = YES;
				IPHONEOS_DEPLOYMENT_TARGET = 16.4;
				MARKETING_VERSION = 1.0;
				PRODUCT_BUNDLE_IDENTIFIER = SageYuzuMumu.QTests;
				PRODUCT_NAME = "$(TARGET_NAME)";
				SWIFT_EMIT_LOC_STRINGS = NO;
				SWIFT_VERSION = 5.0;
				TARGETED_DEVICE_FAMILY = "1,2";
				TEST_HOST = "$(BUILT_PRODUCTS_DIR)/Q.app/$(BUNDLE_EXECUTABLE_FOLDER_PATH)/Q";
			};
			name = Release;
		};
		166C96582A473AEE008C41BE /* Debug */ = {
			isa = XCBuildConfiguration;
			buildSettings = {
				ALWAYS_EMBED_SWIFT_STANDARD_LIBRARIES = YES;
				CODE_SIGN_STYLE = Automatic;
				CURRENT_PROJECT_VERSION = 1;
				DEVELOPMENT_TEAM = DVT459D33S;
				GENERATE_INFOPLIST_FILE = YES;
				MARKETING_VERSION = 1.0;
				PRODUCT_BUNDLE_IDENTIFIER = SageYuzuMumu.QUITests;
				PRODUCT_NAME = "$(TARGET_NAME)";
				SWIFT_EMIT_LOC_STRINGS = NO;
				SWIFT_VERSION = 5.0;
				TARGETED_DEVICE_FAMILY = "1,2";
				TEST_TARGET_NAME = Q;
			};
			name = Debug;
		};
		166C96592A473AEE008C41BE /* Release */ = {
			isa = XCBuildConfiguration;
			buildSettings = {
				ALWAYS_EMBED_SWIFT_STANDARD_LIBRARIES = YES;
				CODE_SIGN_STYLE = Automatic;
				CURRENT_PROJECT_VERSION = 1;
				DEVELOPMENT_TEAM = DVT459D33S;
				GENERATE_INFOPLIST_FILE = YES;
				MARKETING_VERSION = 1.0;
				PRODUCT_BUNDLE_IDENTIFIER = SageYuzuMumu.QUITests;
				PRODUCT_NAME = "$(TARGET_NAME)";
				SWIFT_EMIT_LOC_STRINGS = NO;
				SWIFT_VERSION = 5.0;
				TARGETED_DEVICE_FAMILY = "1,2";
				TEST_TARGET_NAME = Q;
			};
			name = Release;
		};
/* End XCBuildConfiguration section */

/* Begin XCConfigurationList section */
		166C96282A473AEB008C41BE /* Build configuration list for PBXProject "Q" */ = {
			isa = XCConfigurationList;
			buildConfigurations = (
				166C964F2A473AEE008C41BE /* Debug */,
				166C96502A473AEE008C41BE /* Release */,
			);
			defaultConfigurationIsVisible = 0;
			defaultConfigurationName = Release;
		};
		166C96512A473AEE008C41BE /* Build configuration list for PBXNativeTarget "Q" */ = {
			isa = XCConfigurationList;
			buildConfigurations = (
				166C96522A473AEE008C41BE /* Debug */,
				166C96532A473AEE008C41BE /* Release */,
			);
			defaultConfigurationIsVisible = 0;
			defaultConfigurationName = Release;
		};
		166C96542A473AEE008C41BE /* Build configuration list for PBXNativeTarget "QTests" */ = {
			isa = XCConfigurationList;
			buildConfigurations = (
				166C96552A473AEE008C41BE /* Debug */,
				166C96562A473AEE008C41BE /* Release */,
			);
			defaultConfigurationIsVisible = 0;
			defaultConfigurationName = Release;
		};
		166C96572A473AEE008C41BE /* Build configuration list for PBXNativeTarget "QUITests" */ = {
			isa = XCConfigurationList;
			buildConfigurations = (
				166C96582A473AEE008C41BE /* Debug */,
				166C96592A473AEE008C41BE /* Release */,
			);
			defaultConfigurationIsVisible = 0;
			defaultConfigurationName = Release;
		};
/* End XCConfigurationList section */
	};
	rootObject = 166C96252A473AEB008C41BE /* Project object */;
}
